
Microsoft Visual Studio Solution File, Format Version 12.00
# Visual Studio Version 17
Project("{2150E333-8FDC-42A3-9474-1A3956D46DE8}") = "CMakePredefinedTargets", "CMakePredefinedTargets", "{B00DB0D6-ECE7-3697-A5C5-0B13C55A766D}"
EndProject
Project("{2150E333-8FDC-42A3-9474-1A3956D46DE8}") = "host", "host", "{AD150197-3FDB-3A61-9D62-274E5C2080CB}"
EndProject
Project("{8BC9CEB8-8B4A-11D0-8D11-00A0C91BC942}") = "ALL_BUILD", "ALL_BUILD.vcxproj", "{5C2E0B90-46EC-3149-A726-578613D6DB03}"
	ProjectSection(ProjectDependencies) = postProject
		{2B7AC015-E669-3B5B-ACEE-080637B42FF0} = {2B7AC015-E669-3B5B-ACEE-080637B42FF0}
		{56D8F9AF-E8BF-3EB5-9690-07DBE6F2CCDD} = {56D8F9AF-E8BF-3EB5-9690-07DBE6F2CCDD}
		{83969150-5BC4-35A9-962A-4BD7402C1A4A} = {83969150-5BC4-35A9-962A-4BD7402C1A4A}
		{73A2818F-0517-30E0-AFF3-1AE5533D3158} = {73A2818F-0517-30E0-AFF3-1AE5533D3158}
		{D9CA8772-17C8-3D92-BFA5-CB019A3FB43C} = {D9CA8772-17C8-3D92-BFA5-CB019A3FB43C}
		{7F091450-EBDB-3641-8419-02AB2C320D24} = {7F091450-EBDB-3641-8419-02AB2C320D24}
	EndProjectSection
EndProject
Project("{8BC9CEB8-8B4A-11D0-8D11-00A0C91BC942}") = "ZERO_CHECK", "ZERO_CHECK.vcxproj", "{2B7AC015-E669-3B5B-ACEE-080637B42FF0}"
	ProjectSection(ProjectDependencies) = postProject
	EndProjectSection
EndProject
Project("{8BC9CEB8-8B4A-11D0-8D11-00A0C91BC942}") = "common", "host\common.vcxproj", "{56D8F9AF-E8BF-3EB5-9690-07DBE6F2CCDD}"
	ProjectSection(ProjectDependencies) = postProject
		{2B7AC015-E669-3B5B-ACEE-080637B42FF0} = {2B7AC015-E669-3B5B-ACEE-080637B42FF0}
	EndProjectSection
EndProject
Project("{8BC9CEB8-8B4A-11D0-8D11-00A0C91BC942}") = "filesystem", "host\filesystem.vcxproj", "{83969150-5BC4-35A9-962A-4BD7402C1A4A}"
	ProjectSection(ProjectDependencies) = postProject
		{2B7AC015-E669-3B5B-ACEE-080637B42FF0} = {2B7AC015-E669-3B5B-ACEE-080637B42FF0}
	EndProjectSection
EndProject
Project("{8BC9CEB8-8B4A-11D0-8D11-00A0C91BC942}") = "game_api", "host\game_api.vcxproj", "{73A2818F-0517-30E0-AFF3-1AE5533D3158}"
	ProjectSection(ProjectDependencies) = postProject
		{2B7AC015-E669-3B5B-ACEE-080637B42FF0} = {2B7AC015-E669-3B5B-ACEE-080637B42FF0}
		{56D8F9AF-E8BF-3EB5-9690-07DBE6F2CCDD} = {56D8F9AF-E8BF-3EB5-9690-07DBE6F2CCDD}
		{83969150-5BC4-35A9-962A-4BD7402C1A4A} = {83969150-5BC4-35A9-962A-4BD7402C1A4A}
	EndProjectSection
EndProject
Project("{8BC9CEB8-8B4A-11D0-8D11-00A0C91BC942}") = "hlhost", "host\hlhost.vcxproj", "{D9CA8772-17C8-3D92-BFA5-CB019A3FB43C}"
	ProjectSection(ProjectDependencies) = postProject
		{2B7AC015-E669-3B5B-ACEE-080637B42FF0} = {2B7AC015-E669-3B5B-ACEE-080637B42FF0}
		{56D8F9AF-E8BF-3EB5-9690-07DBE6F2CCDD} = {56D8F9AF-E8BF-3EB5-9690-07DBE6F2CCDD}
		{83969150-5BC4-35A9-962A-4BD7402C1A4A} = {83969150-5BC4-35A9-962A-4BD7402C1A4A}
		{73A2818F-0517-30E0-AFF3-1AE5533D3158} = {73A2818F-0517-30E0-AFF3-1AE5533D3158}
		{7F091450-EBDB-3641-8419-02AB2C320D24} = {7F091450-EBDB-3641-8419-02AB2C320D24}
	EndProjectSection
EndProject
Project("{8BC9CEB8-8B4A-11D0-8D11-00A0C91BC942}") = "platform", "host\platform.vcxproj", "{7F091450-EBDB-3641-8419-02AB2C320D24}"
	ProjectSection(ProjectDependencies) = postProject
		{2B7AC015-E669-3B5B-ACEE-080637B42FF0} = {2B7AC015-E669-3B5B-ACEE-080637B42FF0}
		{56D8F9AF-E8BF-3EB5-9690-07DBE6F2CCDD} = {56D8F9AF-E8BF-3EB5-9690-07DBE6F2CCDD}
	EndProjectSection
EndProject
Global
	GlobalSection(SolutionConfigurationPlatforms) = preSolution
		Debug|Win32 = Debug|Win32
		Release|Win32 = Release|Win32
		MinSizeRel|Win32 = MinSizeRel|Win32
		RelWithDebInfo|Win32 = RelWithDebInfo|Win32
	EndGlobalSection
	GlobalSection(ProjectConfigurationPlatforms) = postSolution
		{5C2E0B90-46EC-3149-A726-578613D6DB03}.Debug|Win32.ActiveCfg = Debug|Win32
		{5C2E0B90-46EC-3149-A726-578613D6DB03}.Release|Win32.ActiveCfg = Release|Win32
		{5C2E0B90-46EC-3149-A726-578613D6DB03}.MinSizeRel|Win32.ActiveCfg = MinSizeRel|Win32
		{5C2E0B90-46EC-3149-A726-578613D6DB03}.RelWithDebInfo|Win32.ActiveCfg = RelWithDebInfo|Win32
		{2B7AC015-E669-3B5B-ACEE-080637B42FF0}.Debug|Win32.ActiveCfg = Debug|Win32
		{2B7AC015-E669-3B5B-ACEE-080637B42FF0}.Debug|Win32.Build.0 = Debug|Win32
		{2B7AC015-E669-3B5B-ACEE-080637B42FF0}.Release|Win32.ActiveCfg = Release|Win32
		{2B7AC015-E669-3B5B-ACEE-080637B42FF0}.Release|Win32.Build.0 = Release|Win32
		{2B7AC015-E669-3B5B-ACEE-080637B42FF0}.MinSizeRel|Win32.ActiveCfg = MinSizeRel|Win32
		{2B7AC015-E669-3B5B-ACEE-080637B42FF0}.MinSizeRel|Win32.Build.0 = MinSizeRel|Win32
		{2B7AC015-E669-3B5B-ACEE-080637B42FF0}.RelWithDebInfo|Win32.ActiveCfg = RelWithDebInfo|Win32
		{2B7AC015-E669-3B5B-ACEE-080637B42FF0}.RelWithDebInfo|Win32.Build.0 = RelWithDebInfo|Win32
		{56D8F9AF-E8BF-3EB5-9690-07DBE6F2CCDD}.Debug|Win32.ActiveCfg = Debug|Win32
		{56D8F9AF-E8BF-3EB5-9690-07DBE6F2CCDD}.Debug|Win32.Build.0 = Debug|Win32
		{56D8F9AF-E8BF-3EB5-9690-07DBE6F2CCDD}.Release|Win32.ActiveCfg = Release|Win32
		{56D8F9AF-E8BF-3EB5-9690-07DBE6F2CCDD}.Release|Win32.Build.0 = Release|Win32
		{56D8F9AF-E8BF-3EB5-9690-07DBE6F2CCDD}.MinSizeRel|Win32.ActiveCfg = MinSizeRel|Win32
		{56D8F9AF-E8BF-3EB5-9690-07DBE6F2CCDD}.MinSizeRel|Win32.Build.0 = MinSizeRel|Win32
		{56D8F9AF-E8BF-3EB5-9690-07DBE6F2CCDD}.RelWithDebInfo|Win32.ActiveCfg = RelWithDebInfo|Win32
		{56D8F9AF-E8BF-3EB5-9690-07DBE6F2CCDD}.RelWithDebInfo|Win32.Build.0 = RelWithDebInfo|Win32
		{83969150-5BC4-35A9-962A-4BD7402C1A4A}.Debug|Win32.ActiveCfg = Debug|Win32
		{83969150-5BC4-35A9-962A-4BD7402C1A4A}.Debug|Win32.Build.0 = Debug|Win32
		{83969150-5BC4-35A9-962A-4BD7402C1A4A}.Release|Win32.ActiveCfg = Release|Win32
		{83969150-5BC4-35A9-962A-4BD7402C1A4A}.Release|Win32.Build.0 = Release|Win32
		{83969150-5BC4-35A9-962A-4BD7402C1A4A}.MinSizeRel|Win32.ActiveCfg = MinSizeRel|Win32
		{83969150-5BC4-35A9-962A-4BD7402C1A4A}.MinSizeRel|Win32.Build.0 = MinSizeRel|Win32
		{83969150-5BC4-35A9-962A-4BD7402C1A4A}.RelWithDebInfo|Win32.ActiveCfg = RelWithDebInfo|Win32
		{83969150-5BC4-35A9-962A-4BD7402C1A4A}.RelWithDebInfo|Win32.Build.0 = RelWithDebInfo|Win32
		{73A2818F-0517-30E0-AFF3-1AE5533D3158}.Debug|Win32.ActiveCfg = Debug|Win32
		{73A2818F-0517-30E0-AFF3-1AE5533D3158}.Debug|Win32.Build.0 = Debug|Win32
		{73A2818F-0517-30E0-AFF3-1AE5533D3158}.Release|Win32.ActiveCfg = Release|Win32
		{73A2818F-0517-30E0-AFF3-1AE5533D3158}.Release|Win32.Build.0 = Release|Win32
		{73A2818F-0517-30E0-AFF3-1AE5533D3158}.MinSizeRel|Win32.ActiveCfg = MinSizeRel|Win32
		{73A2818F-0517-30E0-AFF3-1AE5533D3158}.MinSizeRel|Win32.Build.0 = MinSizeRel|Win32
		{73A2818F-0517-30E0-AFF3-1AE5533D3158}.RelWithDebInfo|Win32.ActiveCfg = RelWithDebInfo|Win32
		{73A2818F-0517-30E0-AFF3-1AE5533D3158}.RelWithDebInfo|Win32.Build.0 = RelWithDebInfo|Win32
		{D9CA8772-17C8-3D92-BFA5-CB019A3FB43C}.Debug|Win32.ActiveCfg = Debug|Win32
		{D9CA8772-17C8-3D92-BFA5-CB019A3FB43C}.Debug|Win32.Build.0 = Debug|Win32
		{D9CA8772-17C8-3D92-BFA5-CB019A3FB43C}.Release|Win32.ActiveCfg = Release|Win32
		{D9CA8772-17C8-3D92-BFA5-CB019A3FB43C}.Release|Win32.Build.0 = Release|Win32
		{D9CA8772-17C8-3D92-BFA5-CB019A3FB43C}.MinSizeRel|Win32.ActiveCfg = MinSizeRel|Win32
		{D9CA8772-17C8-3D92-BFA5-CB019A3FB43C}.MinSizeRel|Win32.Build.0 = MinSizeRel|Win32
		{D9CA8772-17C8-3D92-BFA5-CB019A3FB43C}.RelWithDebInfo|Win32.ActiveCfg = RelWithDebInfo|Win32
		{D9CA8772-17C8-3D92-BFA5-CB019A3FB43C}.RelWithDebInfo|Win32.Build.0 = RelWithDebInfo|Win32
		{7F091450-EBDB-3641-8419-02AB2C320D24}.Debug|Win32.ActiveCfg = Debug|Win32
		{7F091450-EBDB-3641-8419-02AB2C320D24}.Debug|Win32.Build.0 = Debug|Win32
		{7F091450-EBDB-3641-8419-02AB2C320D24}.Release|Win32.ActiveCfg = Release|Win32
		{7F091450-EBDB-3641-8419-02AB2C320D24}.Release|Win32.Build.0 = Release|Win32
		{7F091450-EBDB-3641-8419-02AB2C320D24}.MinSizeRel|Win32.ActiveCfg = MinSizeRel|Win32
		{7F091450-EBDB-3641-8419-02AB2C320D24}.MinSizeRel|Win32.Build.0 = MinSizeRel|Win32
		{7F091450-EBDB-3641-8419-02AB2C320D24}.RelWithDebInfo|Win32.ActiveCfg = RelWithDebInfo|Win32
		{7F091450-EBDB-3641-8419-02AB2C320D24}.RelWithDebInfo|Win32.Build.0 = RelWithDebInfo|Win32
	EndGlobalSection
	GlobalSection(NestedProjects) = preSolution
		{5C2E0B90-46EC-3149-A726-578613D6DB03} = {B00DB0D6-ECE7-3697-A5C5-0B13C55A766D}
		{2B7AC015-E669-3B5B-ACEE-080637B42FF0} = {B00DB0D6-ECE7-3697-A5C5-0B13C55A766D}
		{56D8F9AF-E8BF-3EB5-9690-07DBE6F2CCDD} = {AD150197-3FDB-3A61-9D62-274E5C2080CB}
		{83969150-5BC4-35A9-962A-4BD7402C1A4A} = {AD150197-3FDB-3A61-9D62-274E5C2080CB}
		{73A2818F-0517-30E0-AFF3-1AE5533D3158} = {AD150197-3FDB-3A61-9D62-274E5C2080CB}
		{D9CA8772-17C8-3D92-BFA5-CB019A3FB43C} = {AD150197-3FDB-3A61-9D62-274E5C2080CB}
		{7F091450-EBDB-3641-8419-02AB2C320D24} = {AD150197-3FDB-3A61-9D62-274E5C2080CB}
	EndGlobalSection
	GlobalSection(ExtensibilityGlobals) = postSolution
		SolutionGuid = {AB250BA2-A3B9-31B8-8A3B-90AFDF0F92F1}
	EndGlobalSection
	GlobalSection(ExtensibilityAddIns) = postSolution
	EndGlobalSection
EndGlobal
